
Microsoft Visual Studio Solution File, Format Version 12.00
# Visual Studio Version 17
VisualStudioVersion = 17.0.31903.59
MinimumVisualStudioVersion = 10.0.40219.1
Project("{2150E333-8FDC-42A3-9474-1A3956D46DE8}") = "backend", "backend", "{1AE8ACA6-933B-BF2A-3671-3E2EAC007D16}"
EndProject
Project("{2150E333-8FDC-42A3-9474-1A3956D46DE8}") = "gateway", "gateway", "{C1DD1228-602D-EDB8-34A7-988CF3C6ABE9}"
EndProject
Project("{FAE04EC0-301F-11D3-BF4B-00C04F79EFBC}") = "FreightFlow.Gateway", "backend\gateway\FreightFlow.Gateway\FreightFlow.Gateway.csproj", "{1CC2CD65-4365-4D39-B571-A16D14382389}"
EndProject
Project("{2150E333-8FDC-42A3-9474-1A3956D46DE8}") = "services", "services", "{3C755975-A7BD-44BC-C8F9-5B13F14529BF}"
EndProject
Project("{2150E333-8FDC-42A3-9474-1A3956D46DE8}") = "Shipment", "Shipment", "{7E796EF3-0281-82A0-B599-2840C08A26FD}"
EndProject
Project("{FAE04EC0-301F-11D3-BF4B-00C04F79EFBC}") = "FreightFlow.Shipment.Domain", "backend\services\Shipment\FreightFlow.Shipment.Domain\FreightFlow.Shipment.Domain.csproj", "{8B1B152E-0E92-4710-9904-A55DC884A817}"
EndProject
Project("{FAE04EC0-301F-11D3-BF4B-00C04F79EFBC}") = "FreightFlow.Shipment.Application", "backend\services\Shipment\FreightFlow.Shipment.Application\FreightFlow.Shipment.Application.csproj", "{2C580C0D-3AAB-46D7-800C-B01B2FDC36FE}"
EndProject
Project("{FAE04EC0-301F-11D3-BF4B-00C04F79EFBC}") = "FreightFlow.Shipment.Infrastructure", "backend\services\Shipment\FreightFlow.Shipment.Infrastructure\FreightFlow.Shipment.Infrastructure.csproj", "{E27B8636-B751-42C6-B523-2CC74F5CAE82}"
EndProject
Project("{FAE04EC0-301F-11D3-BF4B-00C04F79EFBC}") = "FreightFlow.Shipment.API", "backend\services\Shipment\FreightFlow.Shipment.API\FreightFlow.Shipment.API.csproj", "{470991F9-02A1-4D21-804E-6E8C5F4E7C3A}"
EndProject
Global
	GlobalSection(SolutionConfigurationPlatforms) = preSolution
		Debug|Any CPU = Debug|Any CPU
		Debug|x64 = Debug|x64
		Debug|x86 = Debug|x86
		Release|Any CPU = Release|Any CPU
		Release|x64 = Release|x64
		Release|x86 = Release|x86
	EndGlobalSection
	GlobalSection(ProjectConfigurationPlatforms) = postSolution
		{1CC2CD65-4365-4D39-B571-A16D14382389}.Debug|Any CPU.ActiveCfg = Debug|Any CPU
		{1CC2CD65-4365-4D39-B571-A16D14382389}.Debug|Any CPU.Build.0 = Debug|Any CPU
		{1CC2CD65-4365-4D39-B571-A16D14382389}.Debug|x64.ActiveCfg = Debug|Any CPU
		{1CC2CD65-4365-4D39-B571-A16D14382389}.Debug|x64.Build.0 = Debug|Any CPU
		{1CC2CD65-4365-4D39-B571-A16D14382389}.Debug|x86.ActiveCfg = Debug|Any CPU
		{1CC2CD65-4365-4D39-B571-A16D14382389}.Debug|x86.Build.0 = Debug|Any CPU
		{1CC2CD65-4365-4D39-B571-A16D14382389}.Release|Any CPU.ActiveCfg = Release|Any CPU
		{1CC2CD65-4365-4D39-B571-A16D14382389}.Release|Any CPU.Build.0 = Release|Any CPU
		{1CC2CD65-4365-4D39-B571-A16D14382389}.Release|x64.ActiveCfg = Release|Any CPU
		{1CC2CD65-4365-4D39-B571-A16D14382389}.Release|x64.Build.0 = Release|Any CPU
		{1CC2CD65-4365-4D39-B571-A16D14382389}.Release|x86.ActiveCfg = Release|Any CPU
		{1CC2CD65-4365-4D39-B571-A16D14382389}.Release|x86.Build.0 = Release|Any CPU
		{8B1B152E-0E92-4710-9904-A55DC884A817}.Debug|Any CPU.ActiveCfg = Debug|Any CPU
		{8B1B152E-0E92-4710-9904-A55DC884A817}.Debug|Any CPU.Build.0 = Debug|Any CPU
		{8B1B152E-0E92-4710-9904-A55DC884A817}.Debug|x64.ActiveCfg = Debug|Any CPU
		{8B1B152E-0E92-4710-9904-A55DC884A817}.Debug|x64.Build.0 = Debug|Any CPU
		{8B1B152E-0E92-4710-9904-A55DC884A817}.Debug|x86.ActiveCfg = Debug|Any CPU
		{8B1B152E-0E92-4710-9904-A55DC884A817}.Debug|x86.Build.0 = Debug|Any CPU
		{8B1B152E-0E92-4710-9904-A55DC884A817}.Release|Any CPU.ActiveCfg = Release|Any CPU
		{8B1B152E-0E92-4710-9904-A55DC884A817}.Release|Any CPU.Build.0 = Release|Any CPU
		{8B1B152E-0E92-4710-9904-A55DC884A817}.Release|x64.ActiveCfg = Release|Any CPU
		{8B1B152E-0E92-4710-9904-A55DC884A817}.Release|x64.Build.0 = Release|Any CPU
		{8B1B152E-0E92-4710-9904-A55DC884A817}.Release|x86.ActiveCfg = Release|Any CPU
		{8B1B152E-0E92-4710-9904-A55DC884A817}.Release|x86.Build.0 = Release|Any CPU
		{2C580C0D-3AAB-46D7-800C-B01B2FDC36FE}.Debug|Any CPU.ActiveCfg = Debug|Any CPU
		{2C580C0D-3AAB-46D7-800C-B01B2FDC36FE}.Debug|Any CPU.Build.0 = Debug|Any CPU
		{2C580C0D-3AAB-46D7-800C-B01B2FDC36FE}.Debug|x64.ActiveCfg = Debug|Any CPU
		{2C580C0D-3AAB-46D7-800C-B01B2FDC36FE}.Debug|x64.Build.0 = Debug|Any CPU
		{2C580C0D-3AAB-46D7-800C-B01B2FDC36FE}.Debug|x86.ActiveCfg = Debug|Any CPU
		{2C580C0D-3AAB-46D7-800C-B01B2FDC36FE}.Debug|x86.Build.0 = Debug|Any CPU
		{2C580C0D-3AAB-46D7-800C-B01B2FDC36FE}.Release|Any CPU.ActiveCfg = Release|Any CPU
		{2C580C0D-3AAB-46D7-800C-B01B2FDC36FE}.Release|Any CPU.Build.0 = Release|Any CPU
		{2C580C0D-3AAB-46D7-800C-B01B2FDC36FE}.Release|x64.ActiveCfg = Release|Any CPU
		{2C580C0D-3AAB-46D7-800C-B01B2FDC36FE}.Release|x64.Build.0 = Release|Any CPU
		{2C580C0D-3AAB-46D7-800C-B01B2FDC36FE}.Release|x86.ActiveCfg = Release|Any CPU
		{2C580C0D-3AAB-46D7-800C-B01B2FDC36FE}.Release|x86.Build.0 = Release|Any CPU
		{E27B8636-B751-42C6-B523-2CC74F5CAE82}.Debug|Any CPU.ActiveCfg = Debug|Any CPU
		{E27B8636-B751-42C6-B523-2CC74F5CAE82}.Debug|Any CPU.Build.0 = Debug|Any CPU
		{E27B8636-B751-42C6-B523-2CC74F5CAE82}.Debug|x64.ActiveCfg = Debug|Any CPU
		{E27B8636-B751-42C6-B523-2CC74F5CAE82}.Debug|x64.Build.0 = Debug|Any CPU
		{E27B8636-B751-42C6-B523-2CC74F5CAE82}.Debug|x86.ActiveCfg = Debug|Any CPU
		{E27B8636-B751-42C6-B523-2CC74F5CAE82}.Debug|x86.Build.0 = Debug|Any CPU
		{E27B8636-B751-42C6-B523-2CC74F5CAE82}.Release|Any CPU.ActiveCfg = Release|Any CPU
		{E27B8636-B751-42C6-B523-2CC74F5CAE82}.Release|Any CPU.Build.0 = Release|Any CPU
		{E27B8636-B751-42C6-B523-2CC74F5CAE82}.Release|x64.ActiveCfg = Release|Any CPU
		{E27B8636-B751-42C6-B523-2CC74F5CAE82}.Release|x64.Build.0 = Release|Any CPU
		{E27B8636-B751-42C6-B523-2CC74F5CAE82}.Release|x86.ActiveCfg = Release|Any CPU
		{E27B8636-B751-42C6-B523-2CC74F5CAE82}.Release|x86.Build.0 = Release|Any CPU
		{470991F9-02A1-4D21-804E-6E8C5F4E7C3A}.Debug|Any CPU.ActiveCfg = Debug|Any CPU
		{470991F9-02A1-4D21-804E-6E8C5F4E7C3A}.Debug|Any CPU.Build.0 = Debug|Any CPU
		{470991F9-02A1-4D21-804E-6E8C5F4E7C3A}.Debug|x64.ActiveCfg = Debug|Any CPU
		{470991F9-02A1-4D21-804E-6E8C5F4E7C3A}.Debug|x64.Build.0 = Debug|Any CPU
		{470991F9-02A1-4D21-804E-6E8C5F4E7C3A}.Debug|x86.ActiveCfg = Debug|Any CPU
		{470991F9-02A1-4D21-804E-6E8C5F4E7C3A}.Debug|x86.Build.0 = Debug|Any CPU
		{470991F9-02A1-4D21-804E-6E8C5F4E7C3A}.Release|Any CPU.ActiveCfg = Release|Any CPU
		{470991F9-02A1-4D21-804E-6E8C5F4E7C3A}.Release|Any CPU.Build.0 = Release|Any CPU
		{470991F9-02A1-4D21-804E-6E8C5F4E7C3A}.Release|x64.ActiveCfg = Release|Any CPU
		{470991F9-02A1-4D21-804E-6E8C5F4E7C3A}.Release|x64.Build.0 = Release|Any CPU
		{470991F9-02A1-4D21-804E-6E8C5F4E7C3A}.Release|x86.ActiveCfg = Release|Any CPU
		{470991F9-02A1-4D21-804E-6E8C5F4E7C3A}.Release|x86.Build.0 = Release|Any CPU
	EndGlobalSection
	GlobalSection(SolutionProperties) = preSolution
		HideSolutionNode = FALSE
	EndGlobalSection
	GlobalSection(NestedProjects) = preSolution
		{C1DD1228-602D-EDB8-34A7-988CF3C6ABE9} = {1AE8ACA6-933B-BF2A-3671-3E2EAC007D16}
		{1CC2CD65-4365-4D39-B571-A16D14382389} = {C1DD1228-602D-EDB8-34A7-988CF3C6ABE9}
		{3C755975-A7BD-44BC-C8F9-5B13F14529BF} = {1AE8ACA6-933B-BF2A-3671-3E2EAC007D16}
		{7E796EF3-0281-82A0-B599-2840C08A26FD} = {3C755975-A7BD-44BC-C8F9-5B13F14529BF}
		{8B1B152E-0E92-4710-9904-A55DC884A817} = {7E796EF3-0281-82A0-B599-2840C08A26FD}
		{2C580C0D-3AAB-46D7-800C-B01B2FDC36FE} = {7E796EF3-0281-82A0-B599-2840C08A26FD}
		{E27B8636-B751-42C6-B523-2CC74F5CAE82} = {7E796EF3-0281-82A0-B599-2840C08A26FD}
		{470991F9-02A1-4D21-804E-6E8C5F4E7C3A} = {7E796EF3-0281-82A0-B599-2840C08A26FD}
	EndGlobalSection
EndGlobal
